{
  "nodes": {
    "nixpkgs": {
      "locked": {
        "lastModified": 1763709268,
        "narHash": "sha256-4aUXeEII364Ip18Uol9wueaN77Nc0QGFIYe3mfdihag=",
        "owner": "DarJanu",
        "repo": "updgns3",
        "rev": "552880a7bca1bfb2935ad1e53072efebfe8ffb24",
        "type": "github"
      },
      "original": {
        "owner": "DarJanu",
        "ref": "master",
        "repo": "updgns3",
        "type": "github"
      }
    },
    "root": {
      "inputs": {
        "nixpkgs": "nixpkgs"
      }
    }
  },
  "root": "root",
  "version": 7
}
